// !$*UTF8*$!
{
	archiveVersion = 1;
	classes = {
	};
	objectVersion = 50;
	objects = {

/* Begin PBXBuildFile section */
		241582AC25958C0000F27E0C /* GeneralPageUI.swift in Sources */ = {isa = PBXBuildFile; fileRef = 241582AB25958C0000F27E0C /* GeneralPageUI.swift */; };
		2415C90C25958A6400E01479 /* FrameEditor.swift in Sources */ = {isa = PBXBuildFile; fileRef = 2415C90B25958A6400E01479 /* FrameEditor.swift */; };
		243846F52594CD8A0016F6B8 /* HomeViewController.swift in Sources */ = {isa = PBXBuildFile; fileRef = 243846F42594CD8A0016F6B8 /* HomeViewController.swift */; };
		243846F92594CD940016F6B8 /* DatiViewController.swift in Sources */ = {isa = PBXBuildFile; fileRef = 243846F82594CD940016F6B8 /* DatiViewController.swift */; };
		243846FD2594CE030016F6B8 /* SettingsViewController.swift in Sources */ = {isa = PBXBuildFile; fileRef = 243846FC2594CE030016F6B8 /* SettingsViewController.swift */; };
		243847012594D25F0016F6B8 /* DecretiViewController.swift in Sources */ = {isa = PBXBuildFile; fileRef = 243847002594D25F0016F6B8 /* DecretiViewController.swift */; };
		243A1DE62596CD66004465DD /* ViewEditor.swift in Sources */ = {isa = PBXBuildFile; fileRef = 243A1DE52596CD66004465DD /* ViewEditor.swift */; };
		2467EB552591120C00595939 /* AppDelegate.swift in Sources */ = {isa = PBXBuildFile; fileRef = 2467EB542591120C00595939 /* AppDelegate.swift */; };
		2467EB572591120C00595939 /* SceneDelegate.swift in Sources */ = {isa = PBXBuildFile; fileRef = 2467EB562591120C00595939 /* SceneDelegate.swift */; };
		2467EB592591120C00595939 /* MainScreenController.swift in Sources */ = {isa = PBXBuildFile; fileRef = 2467EB582591120C00595939 /* MainScreenController.swift */; };
		2467EB5C2591120C00595939 /* Main.storyboard in Resources */ = {isa = PBXBuildFile; fileRef = 2467EB5A2591120C00595939 /* Main.storyboard */; };
		2467EB5E2591120D00595939 /* Assets.xcassets in Resources */ = {isa = PBXBuildFile; fileRef = 2467EB5D2591120D00595939 /* Assets.xcassets */; };
		2467EB612591120D00595939 /* LaunchScreen.storyboard in Resources */ = {isa = PBXBuildFile; fileRef = 2467EB5F2591120D00595939 /* LaunchScreen.storyboard */; };
		2467EB6F259178E300595939 /* FirstLaunchController.swift in Sources */ = {isa = PBXBuildFile; fileRef = 2467EB6E259178E300595939 /* FirstLaunchController.swift */; };
		248151872592EB4800CC18DE /* GeneralPage.swift in Sources */ = {isa = PBXBuildFile; fileRef = 248151862592EB4800CC18DE /* GeneralPage.swift */; };
		2481518B2592EBCB00CC18DE /* FirstOpenLaunchPage1.swift in Sources */ = {isa = PBXBuildFile; fileRef = 2481518A2592EBCB00CC18DE /* FirstOpenLaunchPage1.swift */; };
		2491B44F2592F56700F74C6A /* FirstOpenLaunchPage4.swift in Sources */ = {isa = PBXBuildFile; fileRef = 2491B44E2592F56700F74C6A /* FirstOpenLaunchPage4.swift */; };
		24B1110B259457790054BD73 /* EuclidCircularB-Bold.otf in Resources */ = {isa = PBXBuildFile; fileRef = 24B111082594575F0054BD73 /* EuclidCircularB-Bold.otf */; };
		24B1110D2594577C0054BD73 /* EuclidCircularB-Medium.otf in Resources */ = {isa = PBXBuildFile; fileRef = 24B1110A2594575F0054BD73 /* EuclidCircularB-Medium.otf */; };
		24B1110F2594577E0054BD73 /* EuclidCircularB-Semibold.otf in Resources */ = {isa = PBXBuildFile; fileRef = 24B111072594575F0054BD73 /* EuclidCircularB-Semibold.otf */; };
		24B11111259457800054BD73 /* SourceCodePro-Bold.ttf in Resources */ = {isa = PBXBuildFile; fileRef = 24B111092594575F0054BD73 /* SourceCodePro-Bold.ttf */; };
		24B11114259458F10054BD73 /* EuclidCircularB-Light.ttf in Resources */ = {isa = PBXBuildFile; fileRef = 24B11113259458F10054BD73 /* EuclidCircularB-Light.ttf */; };
		24C702F32592F01E004AC78F /* FirstOpenLaunchPage2.swift in Sources */ = {isa = PBXBuildFile; fileRef = 24C702F22592F01E004AC78F /* FirstOpenLaunchPage2.swift */; };
		24C702F62592F49F004AC78F /* FirstOpenLaunchPage3.swift in Sources */ = {isa = PBXBuildFile; fileRef = 24C702F52592F49F004AC78F /* FirstOpenLaunchPage3.swift */; };
/* End PBXBuildFile section */

/* Begin PBXFileReference section */
		241582AB25958C0000F27E0C /* GeneralPageUI.swift */ = {isa = PBXFileReference; lastKnownFileType = sourcecode.swift; path = GeneralPageUI.swift; sourceTree = "<group>"; };
		2415C90B25958A6400E01479 /* FrameEditor.swift */ = {isa = PBXFileReference; lastKnownFileType = sourcecode.swift; path = FrameEditor.swift; sourceTree = "<group>"; };
		243846F42594CD8A0016F6B8 /* HomeViewController.swift */ = {isa = PBXFileReference; lastKnownFileType = sourcecode.swift; path = HomeViewController.swift; sourceTree = "<group>"; };
		243846F82594CD940016F6B8 /* DatiViewController.swift */ = {isa = PBXFileReference; lastKnownFileType = sourcecode.swift; path = DatiViewController.swift; sourceTree = "<group>"; };
		243846FC2594CE030016F6B8 /* SettingsViewController.swift */ = {isa = PBXFileReference; lastKnownFileType = sourcecode.swift; path = SettingsViewController.swift; sourceTree = "<group>"; };
		243847002594D25F0016F6B8 /* DecretiViewController.swift */ = {isa = PBXFileReference; lastKnownFileType = sourcecode.swift; path = DecretiViewController.swift; sourceTree = "<group>"; };
		243A1DE52596CD66004465DD /* ViewEditor.swift */ = {isa = PBXFileReference; lastKnownFileType = sourcecode.swift; path = ViewEditor.swift; sourceTree = "<group>"; };
		2467EB512591120C00595939 /* COVID Info.app */ = {isa = PBXFileReference; explicitFileType = wrapper.application; includeInIndex = 0; path = "COVID Info.app"; sourceTree = BUILT_PRODUCTS_DIR; };
		2467EB542591120C00595939 /* AppDelegate.swift */ = {isa = PBXFileReference; lastKnownFileType = sourcecode.swift; path = AppDelegate.swift; sourceTree = "<group>"; };
		2467EB562591120C00595939 /* SceneDelegate.swift */ = {isa = PBXFileReference; lastKnownFileType = sourcecode.swift; path = SceneDelegate.swift; sourceTree = "<group>"; };
		2467EB582591120C00595939 /* MainScreenController.swift */ = {isa = PBXFileReference; lastKnownFileType = sourcecode.swift; path = MainScreenController.swift; sourceTree = "<group>"; };
		2467EB5B2591120C00595939 /* Base */ = {isa = PBXFileReference; lastKnownFileType = file.storyboard; name = Base; path = Base.lproj/Main.storyboard; sourceTree = "<group>"; };
		2467EB5D2591120D00595939 /* Assets.xcassets */ = {isa = PBXFileReference; lastKnownFileType = folder.assetcatalog; path = Assets.xcassets; sourceTree = "<group>"; };
		2467EB602591120D00595939 /* Base */ = {isa = PBXFileReference; lastKnownFileType = file.storyboard; name = Base; path = Base.lproj/LaunchScreen.storyboard; sourceTree = "<group>"; };
		2467EB622591120D00595939 /* Info.plist */ = {isa = PBXFileReference; lastKnownFileType = text.plist.xml; path = Info.plist; sourceTree = "<group>"; };
		2467EB6E259178E300595939 /* FirstLaunchController.swift */ = {isa = PBXFileReference; lastKnownFileType = sourcecode.swift; path = FirstLaunchController.swift; sourceTree = "<group>"; };
		248151862592EB4800CC18DE /* GeneralPage.swift */ = {isa = PBXFileReference; lastKnownFileType = sourcecode.swift; path = GeneralPage.swift; sourceTree = "<group>"; };
		2481518A2592EBCB00CC18DE /* FirstOpenLaunchPage1.swift */ = {isa = PBXFileReference; lastKnownFileType = sourcecode.swift; path = FirstOpenLaunchPage1.swift; sourceTree = "<group>"; };
		2491B44E2592F56700F74C6A /* FirstOpenLaunchPage4.swift */ = {isa = PBXFileReference; lastKnownFileType = sourcecode.swift; path = FirstOpenLaunchPage4.swift; sourceTree = "<group>"; };
		24B111072594575F0054BD73 /* EuclidCircularB-Semibold.otf */ = {isa = PBXFileReference; lastKnownFileType = file; path = "EuclidCircularB-Semibold.otf"; sourceTree = "<group>"; };
		24B111082594575F0054BD73 /* EuclidCircularB-Bold.otf */ = {isa = PBXFileReference; lastKnownFileType = file; path = "EuclidCircularB-Bold.otf"; sourceTree = "<group>"; };
		24B111092594575F0054BD73 /* SourceCodePro-Bold.ttf */ = {isa = PBXFileReference; lastKnownFileType = file; path = "SourceCodePro-Bold.ttf"; sourceTree = "<group>"; };
		24B1110A2594575F0054BD73 /* EuclidCircularB-Medium.otf */ = {isa = PBXFileReference; lastKnownFileType = file; path = "EuclidCircularB-Medium.otf"; sourceTree = "<group>"; };
		24B11113259458F10054BD73 /* EuclidCircularB-Light.ttf */ = {isa = PBXFileReference; lastKnownFileType = file; path = "EuclidCircularB-Light.ttf"; sourceTree = "<group>"; };
		24C702F22592F01E004AC78F /* FirstOpenLaunchPage2.swift */ = {isa = PBXFileReference; lastKnownFileType = sourcecode.swift; path = FirstOpenLaunchPage2.swift; sourceTree = "<group>"; };
		24C702F52592F49F004AC78F /* FirstOpenLaunchPage3.swift */ = {isa = PBXFileReference; lastKnownFileType = sourcecode.swift; path = FirstOpenLaunchPage3.swift; sourceTree = "<group>"; };
/* End PBXFileReference section */

/* Begin PBXFrameworksBuildPhase section */
		2467EB4E2591120C00595939 /* Frameworks */ = {
			isa = PBXFrameworksBuildPhase;
			buildActionMask = 2147483647;
			files = (
			);
			runOnlyForDeploymentPostprocessing = 0;
		};
/* End PBXFrameworksBuildPhase section */

/* Begin PBXGroup section */
		2415C90A25958A4A00E01479 /* ScreenEditor */ = {
			isa = PBXGroup;
			children = (
				2415C90B25958A6400E01479 /* FrameEditor.swift */,
				243A1DE52596CD66004465DD /* ViewEditor.swift */,
			);
			path = ScreenEditor;
			sourceTree = "<group>";
		};
		243846F32594CD6F0016F6B8 /* App */ = {
			isa = PBXGroup;
			children = (
				243846F42594CD8A0016F6B8 /* HomeViewController.swift */,
				243846F82594CD940016F6B8 /* DatiViewController.swift */,
				243846FC2594CE030016F6B8 /* SettingsViewController.swift */,
				243847002594D25F0016F6B8 /* DecretiViewController.swift */,
			);
			path = App;
			sourceTree = "<group>";
		};
		2467EB482591120C00595939 = {
			isa = PBXGroup;
			children = (
				2467EB532591120C00595939 /* COVID Info */,
				2467EB522591120C00595939 /* Products */,
			);
			sourceTree = "<group>";
		};
		2467EB522591120C00595939 /* Products */ = {
			isa = PBXGroup;
			children = (
				2467EB512591120C00595939 /* COVID Info.app */,
			);
			name = Products;
			sourceTree = "<group>";
		};
		2467EB532591120C00595939 /* COVID Info */ = {
			isa = PBXGroup;
			children = (
				2415C90A25958A4A00E01479 /* ScreenEditor */,
				24B111062594574D0054BD73 /* Fonts */,
				2467EB6B259152B700595939 /* Delegates */,
				2467EB6A259152AC00595939 /* Controllers */,
				2467EB692591529B00595939 /* Storyboards */,
				2467EB5D2591120D00595939 /* Assets.xcassets */,
				2467EB622591120D00595939 /* Info.plist */,
			);
			path = "COVID Info";
			sourceTree = "<group>";
		};
		2467EB692591529B00595939 /* Storyboards */ = {
			isa = PBXGroup;
			children = (
				2467EB5A2591120C00595939 /* Main.storyboard */,
				2467EB5F2591120D00595939 /* LaunchScreen.storyboard */,
			);
			path = Storyboards;
			sourceTree = "<group>";
		};
		2467EB6A259152AC00595939 /* Controllers */ = {
			isa = PBXGroup;
			children = (
				243846F32594CD6F0016F6B8 /* App */,
				248151852592EB2100CC18DE /* First Open Pages */,
				2467EB582591120C00595939 /* MainScreenController.swift */,
				2467EB6E259178E300595939 /* FirstLaunchController.swift */,
			);
			path = Controllers;
			sourceTree = "<group>";
		};
		2467EB6B259152B700595939 /* Delegates */ = {
			isa = PBXGroup;
			children = (
				2467EB542591120C00595939 /* AppDelegate.swift */,
				2467EB562591120C00595939 /* SceneDelegate.swift */,
			);
			path = Delegates;
			sourceTree = "<group>";
		};
		248151852592EB2100CC18DE /* First Open Pages */ = {
			isa = PBXGroup;
			children = (
				248151862592EB4800CC18DE /* GeneralPage.swift */,
				241582AB25958C0000F27E0C /* GeneralPageUI.swift */,
				2481518A2592EBCB00CC18DE /* FirstOpenLaunchPage1.swift */,
				24C702F22592F01E004AC78F /* FirstOpenLaunchPage2.swift */,
				24C702F52592F49F004AC78F /* FirstOpenLaunchPage3.swift */,
				2491B44E2592F56700F74C6A /* FirstOpenLaunchPage4.swift */,
			);
			path = "First Open Pages";
			sourceTree = "<group>";
		};
		24B111062594574D0054BD73 /* Fonts */ = {
			isa = PBXGroup;
			children = (
				24B11113259458F10054BD73 /* EuclidCircularB-Light.ttf */,
				24B111082594575F0054BD73 /* EuclidCircularB-Bold.otf */,
				24B1110A2594575F0054BD73 /* EuclidCircularB-Medium.otf */,
				24B111072594575F0054BD73 /* EuclidCircularB-Semibold.otf */,
				24B111092594575F0054BD73 /* SourceCodePro-Bold.ttf */,
			);
			path = Fonts;
			sourceTree = "<group>";
		};
/* End PBXGroup section */

/* Begin PBXNativeTarget section */
		2467EB502591120C00595939 /* COVID Info */ = {
			isa = PBXNativeTarget;
			buildConfigurationList = 2467EB652591120D00595939 /* Build configuration list for PBXNativeTarget "COVID Info" */;
			buildPhases = (
				2467EB4D2591120C00595939 /* Sources */,
				2467EB4E2591120C00595939 /* Frameworks */,
				2467EB4F2591120C00595939 /* Resources */,
			);
			buildRules = (
			);
			dependencies = (
			);
			name = "COVID Info";
			productName = "COVID Info";
			productReference = 2467EB512591120C00595939 /* COVID Info.app */;
			productType = "com.apple.product-type.application";
		};
/* End PBXNativeTarget section */

/* Begin PBXProject section */
		2467EB492591120C00595939 /* Project object */ = {
			isa = PBXProject;
			attributes = {
				LastSwiftUpdateCheck = 1220;
				LastUpgradeCheck = 1220;
				TargetAttributes = {
					2467EB502591120C00595939 = {
						CreatedOnToolsVersion = 12.2;
					};
				};
			};
			buildConfigurationList = 2467EB4C2591120C00595939 /* Build configuration list for PBXProject "COVID Info" */;
			compatibilityVersion = "Xcode 9.3";
			developmentRegion = en;
			hasScannedForEncodings = 0;
			knownRegions = (
				en,
				Base,
			);
			mainGroup = 2467EB482591120C00595939;
			productRefGroup = 2467EB522591120C00595939 /* Products */;
			projectDirPath = "";
			projectRoot = "";
			targets = (
				2467EB502591120C00595939 /* COVID Info */,
			);
		};
/* End PBXProject section */

/* Begin PBXResourcesBuildPhase section */
		2467EB4F2591120C00595939 /* Resources */ = {
			isa = PBXResourcesBuildPhase;
			buildActionMask = 2147483647;
			files = (
				2467EB612591120D00595939 /* LaunchScreen.storyboard in Resources */,
				24B1110D2594577C0054BD73 /* EuclidCircularB-Medium.otf in Resources */,
				24B11111259457800054BD73 /* SourceCodePro-Bold.ttf in Resources */,
				24B1110F2594577E0054BD73 /* EuclidCircularB-Semibold.otf in Resources */,
				2467EB5E2591120D00595939 /* Assets.xcassets in Resources */,
				24B1110B259457790054BD73 /* EuclidCircularB-Bold.otf in Resources */,
				2467EB5C2591120C00595939 /* Main.storyboard in Resources */,
				24B11114259458F10054BD73 /* EuclidCircularB-Light.ttf in Resources */,
			);
			runOnlyForDeploymentPostprocessing = 0;
		};
/* End PBXResourcesBuildPhase section */

/* Begin PBXSourcesBuildPhase section */
		2467EB4D2591120C00595939 /* Sources */ = {
			isa = PBXSourcesBuildPhase;
			buildActionMask = 2147483647;
			files = (
				2481518B2592EBCB00CC18DE /* FirstOpenLaunchPage1.swift in Sources */,
				2467EB592591120C00595939 /* MainScreenController.swift in Sources */,
				241582AC25958C0000F27E0C /* GeneralPageUI.swift in Sources */,
				24C702F62592F49F004AC78F /* FirstOpenLaunchPage3.swift in Sources */,
				24C702F32592F01E004AC78F /* FirstOpenLaunchPage2.swift in Sources */,
				243846F92594CD940016F6B8 /* DatiViewController.swift in Sources */,
				2467EB6F259178E300595939 /* FirstLaunchController.swift in Sources */,
				243846F52594CD8A0016F6B8 /* HomeViewController.swift in Sources */,
				243847012594D25F0016F6B8 /* DecretiViewController.swift in Sources */,
				2467EB552591120C00595939 /* AppDelegate.swift in Sources */,
				2415C90C25958A6400E01479 /* FrameEditor.swift in Sources */,
				248151872592EB4800CC18DE /* GeneralPage.swift in Sources */,
				2467EB572591120C00595939 /* SceneDelegate.swift in Sources */,
				243A1DE62596CD66004465DD /* ViewEditor.swift in Sources */,
				2491B44F2592F56700F74C6A /* FirstOpenLaunchPage4.swift in Sources */,
				243846FD2594CE030016F6B8 /* SettingsViewController.swift in Sources */,
			);
			runOnlyForDeploymentPostprocessing = 0;
		};
/* End PBXSourcesBuildPhase section */

/* Begin PBXVariantGroup section */
		2467EB5A2591120C00595939 /* Main.storyboard */ = {
			isa = PBXVariantGroup;
			children = (
				2467EB5B2591120C00595939 /* Base */,
			);
			name = Main.storyboard;
			sourceTree = "<group>";
		};
		2467EB5F2591120D00595939 /* LaunchScreen.storyboard */ = {
			isa = PBXVariantGroup;
			children = (
				2467EB602591120D00595939 /* Base */,
			);
			name = LaunchScreen.storyboard;
			sourceTree = "<group>";
		};
/* End PBXVariantGroup section */

/* Begin XCBuildConfiguration section */
		2467EB632591120D00595939 /* Debug */ = {
			isa = XCBuildConfiguration;
			buildSettings = {
				ALWAYS_SEARCH_USER_PATHS = NO;
				CLANG_ANALYZER_NONNULL = YES;
				CLANG_ANALYZER_NUMBER_OBJECT_CONVERSION = YES_AGGRESSIVE;
				CLANG_CXX_LANGUAGE_STANDARD = "gnu++14";
				CLANG_CXX_LIBRARY = "libc++";
				CLANG_ENABLE_MODULES = YES;
				CLANG_ENABLE_OBJC_ARC = YES;
				CLANG_ENABLE_OBJC_WEAK = YES;
				CLANG_WARN_BLOCK_CAPTURE_AUTORELEASING = YES;
				CLANG_WARN_BOOL_CONVERSION = YES;
				CLANG_WARN_COMMA = YES;
				CLANG_WARN_CONSTANT_CONVERSION = YES;
				CLANG_WARN_DEPRECATED_OBJC_IMPLEMENTATIONS = YES;
				CLANG_WARN_DIRECT_OBJC_ISA_USAGE = YES_ERROR;
				CLANG_WARN_DOCUMENTATION_COMMENTS = YES;
				CLANG_WARN_EMPTY_BODY = YES;
				CLANG_WARN_ENUM_CONVERSION = YES;
				CLANG_WARN_INFINITE_RECURSION = YES;
				CLANG_WARN_INT_CONVERSION = YES;
				CLANG_WARN_NON_LITERAL_NULL_CONVERSION = YES;
				CLANG_WARN_OBJC_IMPLICIT_RETAIN_SELF = YES;
				CLANG_WARN_OBJC_LITERAL_CONVERSION = YES;
				CLANG_WARN_OBJC_ROOT_CLASS = YES_ERROR;
				CLANG_WARN_QUOTED_INCLUDE_IN_FRAMEWORK_HEADER = YES;
				CLANG_WARN_RANGE_LOOP_ANALYSIS = YES;
				CLANG_WARN_STRICT_PROTOTYPES = YES;
				CLANG_WARN_SUSPICIOUS_MOVE = YES;
				CLANG_WARN_UNGUARDED_AVAILABILITY = YES_AGGRESSIVE;
				CLANG_WARN_UNREACHABLE_CODE = YES;
				CLANG_WARN__DUPLICATE_METHOD_MATCH = YES;
				COPY_PHASE_STRIP = NO;
				DEBUG_INFORMATION_FORMAT = dwarf;
				ENABLE_STRICT_OBJC_MSGSEND = YES;
				ENABLE_TESTABILITY = YES;
				GCC_C_LANGUAGE_STANDARD = gnu11;
				GCC_DYNAMIC_NO_PIC = NO;
				GCC_NO_COMMON_BLOCKS = YES;
				GCC_OPTIMIZATION_LEVEL = 0;
				GCC_PREPROCESSOR_DEFINITIONS = (
					"DEBUG=1",
					"$(inherited)",
				);
				GCC_WARN_64_TO_32_BIT_CONVERSION = YES;
				GCC_WARN_ABOUT_RETURN_TYPE = YES_ERROR;
				GCC_WARN_UNDECLARED_SELECTOR = YES;
				GCC_WARN_UNINITIALIZED_AUTOS = YES_AGGRESSIVE;
				GCC_WARN_UNUSED_FUNCTION = YES;
				GCC_WARN_UNUSED_VARIABLE = YES;
				IPHONEOS_DEPLOYMENT_TARGET = 14.2;
				MTL_ENABLE_DEBUG_INFO = INCLUDE_SOURCE;
				MTL_FAST_MATH = YES;
				ONLY_ACTIVE_ARCH = YES;
				SDKROOT = iphoneos;
				SWIFT_ACTIVE_COMPILATION_CONDITIONS = DEBUG;
				SWIFT_OPTIMIZATION_LEVEL = "-Onone";
			};
			name = Debug;
		};
		2467EB642591120D00595939 /* Release */ = {
			isa = XCBuildConfiguration;
			buildSettings = {
				ALWAYS_SEARCH_USER_PATHS = NO;
				CLANG_ANALYZER_NONNULL = YES;
				CLANG_ANALYZER_NUMBER_OBJECT_CONVERSION = YES_AGGRESSIVE;
				CLANG_CXX_LANGUAGE_STANDARD = "gnu++14";
				CLANG_CXX_LIBRARY = "libc++";
				CLANG_ENABLE_MODULES = YES;
				CLANG_ENABLE_OBJC_ARC = YES;
				CLANG_ENABLE_OBJC_WEAK = YES;
				CLANG_WARN_BLOCK_CAPTURE_AUTORELEASING = YES;
				CLANG_WARN_BOOL_CONVERSION = YES;
				CLANG_WARN_COMMA = YES;
				CLANG_WARN_CONSTANT_CONVERSION = YES;
				CLANG_WARN_DEPRECATED_OBJC_IMPLEMENTATIONS = YES;
				CLANG_WARN_DIRECT_OBJC_ISA_USAGE = YES_ERROR;
				CLANG_WARN_DOCUMENTATION_COMMENTS = YES;
				CLANG_WARN_EMPTY_BODY = YES;
				CLANG_WARN_ENUM_CONVERSION = YES;
				CLANG_WARN_INFINITE_RECURSION = YES;
				CLANG_WARN_INT_CONVERSION = YES;
				CLANG_WARN_NON_LITERAL_NULL_CONVERSION = YES;
				CLANG_WARN_OBJC_IMPLICIT_RETAIN_SELF = YES;
				CLANG_WARN_OBJC_LITERAL_CONVERSION = YES;
				CLANG_WARN_OBJC_ROOT_CLASS = YES_ERROR;
				CLANG_WARN_QUOTED_INCLUDE_IN_FRAMEWORK_HEADER = YES;
				CLANG_WARN_RANGE_LOOP_ANALYSIS = YES;
				CLANG_WARN_STRICT_PROTOTYPES = YES;
				CLANG_WARN_SUSPICIOUS_MOVE = YES;
				CLANG_WARN_UNGUARDED_AVAILABILITY = YES_AGGRESSIVE;
				CLANG_WARN_UNREACHABLE_CODE = YES;
				CLANG_WARN__DUPLICATE_METHOD_MATCH = YES;
				COPY_PHASE_STRIP = NO;
				DEBUG_INFORMATION_FORMAT = "dwarf-with-dsym";
				ENABLE_NS_ASSERTIONS = NO;
				ENABLE_STRICT_OBJC_MSGSEND = YES;
				GCC_C_LANGUAGE_STANDARD = gnu11;
				GCC_NO_COMMON_BLOCKS = YES;
				GCC_WARN_64_TO_32_BIT_CONVERSION = YES;
				GCC_WARN_ABOUT_RETURN_TYPE = YES_ERROR;
				GCC_WARN_UNDECLARED_SELECTOR = YES;
				GCC_WARN_UNINITIALIZED_AUTOS = YES_AGGRESSIVE;
				GCC_WARN_UNUSED_FUNCTION = YES;
				GCC_WARN_UNUSED_VARIABLE = YES;
				IPHONEOS_DEPLOYMENT_TARGET = 14.2;
				MTL_ENABLE_DEBUG_INFO = NO;
				MTL_FAST_MATH = YES;
				SDKROOT = iphoneos;
				SWIFT_COMPILATION_MODE = wholemodule;
				SWIFT_OPTIMIZATION_LEVEL = "-O";
				VALIDATE_PRODUCT = YES;
			};
			name = Release;
		};
		2467EB662591120D00595939 /* Debug */ = {
			isa = XCBuildConfiguration;
			buildSettings = {
				ASSETCATALOG_COMPILER_APPICON_NAME = AppIcon;
				ASSETCATALOG_COMPILER_GLOBAL_ACCENT_COLOR_NAME = AccentColor;
				CODE_SIGN_STYLE = Automatic;
				DEVELOPMENT_TEAM = RD72DVYR7U;
				INFOPLIST_FILE = "COVID Info/Info.plist";
				IPHONEOS_DEPLOYMENT_TARGET = 13.0;
				LD_RUNPATH_SEARCH_PATHS = (
					"$(inherited)",
					"@executable_path/Frameworks",
				);
				PRODUCT_BUNDLE_IDENTIFIER = "com.claxon007.COVID-Info";
				PRODUCT_NAME = "$(TARGET_NAME)";
				SWIFT_VERSION = 5.0;
				TARGETED_DEVICE_FAMILY = 1;
			};
			name = Debug;
		};
		2467EB672591120D00595939 /* Release */ = {
			isa = XCBuildConfiguration;
			buildSettings = {
				ASSETCATALOG_COMPILER_APPICON_NAME = AppIcon;
				ASSETCATALOG_COMPILER_GLOBAL_ACCENT_COLOR_NAME = AccentColor;
				CODE_SIGN_STYLE = Automatic;
				DEVELOPMENT_TEAM = RD72DVYR7U;
				INFOPLIST_FILE = "COVID Info/Info.plist";
				IPHONEOS_DEPLOYMENT_TARGET = 13.0;
				LD_RUNPATH_SEARCH_PATHS = (
					"$(inherited)",
					"@executable_path/Frameworks",
				);
				PRODUCT_BUNDLE_IDENTIFIER = "com.claxon007.COVID-Info";
				PRODUCT_NAME = "$(TARGET_NAME)";
				SWIFT_VERSION = 5.0;
				TARGETED_DEVICE_FAMILY = 1;
			};
			name = Release;
		};
/* End XCBuildConfiguration section */

/* Begin XCConfigurationList section */
		2467EB4C2591120C00595939 /* Build configuration list for PBXProject "COVID Info" */ = {
			isa = XCConfigurationList;
			buildConfigurations = (
				2467EB632591120D00595939 /* Debug */,
				2467EB642591120D00595939 /* Release */,
			);
			defaultConfigurationIsVisible = 0;
			defaultConfigurationName = Release;
		};
		2467EB652591120D00595939 /* Build configuration list for PBXNativeTarget "COVID Info" */ = {
			isa = XCConfigurationList;
			buildConfigurations = (
				2467EB662591120D00595939 /* Debug */,
				2467EB672591120D00595939 /* Release */,
			);
			defaultConfigurationIsVisible = 0;
			defaultConfigurationName = Release;
		};
/* End XCConfigurationList section */
	};
	rootObject = 2467EB492591120C00595939 /* Project object */;
}
